
Microsoft Visual Studio Solution File, Format Version 12.00
# Visual Studio Version 17
VisualStudioVersion = 17.10.35013.160
MinimumVisualStudioVersion = 10.0.40219.1
Project("{9A19103F-16F7-4668-BE54-9A1E7A4F7556}") = "01-FirstProject", "01-FirstProject\01-FirstProject.csproj", "{4596814F-B79F-472E-B114-FC4E6E201586}"
EndProject
Project("{9A19103F-16F7-4668-BE54-9A1E7A4F7556}") = "02-TypeCasting", "02-TypeCasting\02-TypeCasting.csproj", "{9D81476B-31CD-48CE-964C-E82D32EFCA08}"
EndProject
Project("{9A19103F-16F7-4668-BE54-9A1E7A4F7556}") = "03-Operators", "03-Operators\03-Operators.csproj", "{7299CF02-A3E2-46CD-924C-2BF85B67C733}"
EndProject
Project("{9A19103F-16F7-4668-BE54-9A1E7A4F7556}") = "04-Decision", "04-Decision\04-Decision.csproj", "{A564174D-8431-442A-BC59-44AD7547C8A1}"
EndProject
Project("{9A19103F-16F7-4668-BE54-9A1E7A4F7556}") = "05-Loop", "05-Loop\05-Loop.csproj", "{E5B09679-53BD-45B3-A034-AC138B06CF2F}"
EndProject
Project("{9A19103F-16F7-4668-BE54-9A1E7A4F7556}") = "06-Errors", "06-Errors\06-Errors.csproj", "{31FCA329-6BB6-4010-A3A5-BFBE99727D53}"
EndProject
Project("{9A19103F-16F7-4668-BE54-9A1E7A4F7556}") = "07-Array", "07-Array\07-Array.csproj", "{A98BB87C-8DF4-44A3-B80F-0E3C9B5A452D}"
EndProject
Project("{9A19103F-16F7-4668-BE54-9A1E7A4F7556}") = "08-List", "08-List\08-List.csproj", "{EDBC8D54-0CB6-4D9F-9996-C0CF8D2565E4}"
EndProject
Project("{9A19103F-16F7-4668-BE54-9A1E7A4F7556}") = "09-ArrayList", "09-ArrayList\09-ArrayList.csproj", "{8579B3F0-B45F-4473-BEA4-71537B19178E}"
EndProject
Project("{9A19103F-16F7-4668-BE54-9A1E7A4F7556}") = "10-Dictionary", "10-Dictionary\10-Dictionary.csproj", "{631FE29A-40AE-4D6E-A140-FE9277D3ABFB}"
EndProject
Project("{9A19103F-16F7-4668-BE54-9A1E7A4F7556}") = "11-Queue", "11-Queue\11-Queue.csproj", "{DDF11EE3-FB1C-4B29-B283-A17D1EB44354}"
EndProject
Project("{9A19103F-16F7-4668-BE54-9A1E7A4F7556}") = "12-Stack", "12-Stack\12-Stack.csproj", "{1A4BE8CD-0AA1-460E-A8C5-20039A212C2B}"
EndProject
Project("{9A19103F-16F7-4668-BE54-9A1E7A4F7556}") = "13-SortedList", "13-SortedList\13-SortedList.csproj", "{6CABAA4E-4C92-4617-BA5B-B6A7FED0DE37}"
EndProject
Project("{9A19103F-16F7-4668-BE54-9A1E7A4F7556}") = "14-Metot", "14-Metot\14-Metot.csproj", "{6B26A2E3-0992-4A01-97E1-56AA6C2585A9}"
EndProject
Project("{9A19103F-16F7-4668-BE54-9A1E7A4F7556}") = "15-Metot-2", "15-Metot-2\15-Metot-2.csproj", "{571C425D-19EA-4149-90F1-D0F1DC507AB3}"
EndProject
Project("{9A19103F-16F7-4668-BE54-9A1E7A4F7556}") = "16-OOP-Class", "16-OOP-Class\16-OOP-Class.csproj", "{EFB643DE-914F-4C79-BF19-74644617453A}"
EndProject
Project("{9A19103F-16F7-4668-BE54-9A1E7A4F7556}") = "17-OOP-Class-Lab", "17-OOP-Class-Lab\17-OOP-Class-Lab.csproj", "{2BAB897A-CDB8-49DC-9EE2-546A67598E7D}"
EndProject
Project("{9A19103F-16F7-4668-BE54-9A1E7A4F7556}") = "18-OOP-Static", "18-OOP-Static\18-OOP-Static.csproj", "{B2AAE0A2-23CD-4435-9479-DCCCD6569D2C}"
EndProject
Project("{9A19103F-16F7-4668-BE54-9A1E7A4F7556}") = "19-OOP-Extension", "19-OOP-Extension\19-OOP-Extension.csproj", "{34B7DF02-2E90-4247-BEF0-A9179D5A88A7}"
EndProject
Project("{9A19103F-16F7-4668-BE54-9A1E7A4F7556}") = "20-OOP-PartialClass", "20-OOP-PartialClass\20-OOP-PartialClass.csproj", "{946AD4BD-D497-4065-89D3-FB852978C009}"
EndProject
Project("{9A19103F-16F7-4668-BE54-9A1E7A4F7556}") = "21-OOP-Struct", "21-OOP-Struct\21-OOP-Struct.csproj", "{05F26812-D5D8-46CD-AC57-DB4CC930752B}"
EndProject
Project("{9A19103F-16F7-4668-BE54-9A1E7A4F7556}") = "22-OOP-Enum", "22-OOP-Enum\22-OOP-Enum.csproj", "{F47B8D12-3922-4397-9527-C1BF44AC3CA9}"
EndProject
Project("{9A19103F-16F7-4668-BE54-9A1E7A4F7556}") = "23-OOP-Inheritance", "23-OOP-Inheritance\23-OOP-Inheritance.csproj", "{78DB1E81-1BC3-4902-BD88-AF470518B8DE}"
EndProject
Project("{9A19103F-16F7-4668-BE54-9A1E7A4F7556}") = "24-OOP-Inheritance2", "24-OOP-Inheritance2\24-OOP-Inheritance2.csproj", "{2F3613BB-F6A2-4AF5-9F0D-D6B313BF3A8B}"
EndProject
Project("{9A19103F-16F7-4668-BE54-9A1E7A4F7556}") = "25-OOP-InheritanceLab", "25-OOP-InheritanceLab\25-OOP-InheritanceLab.csproj", "{1BDB4E5B-DB43-4360-B250-0FD3810B1266}"
EndProject
Project("{9A19103F-16F7-4668-BE54-9A1E7A4F7556}") = "26-OOP-Abstract", "26-OOP-Abstract\26-OOP-Abstract.csproj", "{02389320-A6C9-4D34-8509-8EEA396BE203}"
EndProject
Project("{9A19103F-16F7-4668-BE54-9A1E7A4F7556}") = "27-OOP-AbstractLab", "27-OOP-AbstractLab\27-OOP-AbstractLab.csproj", "{0E24421E-69FF-4565-B846-A6589AC4795E}"
EndProject
Project("{9A19103F-16F7-4668-BE54-9A1E7A4F7556}") = "28-OOP-Interface", "28-Interface\28-OOP-Interface.csproj", "{11076677-0C36-41C7-AF44-43A9B6119005}"
EndProject
Project("{9A19103F-16F7-4668-BE54-9A1E7A4F7556}") = "29-OOP-InterfaceLab", "29-OOP-InterfaceLab\29-OOP-InterfaceLab.csproj", "{86CCABB5-85A6-42F4-AE0C-B2100D142049}"
EndProject
Project("{FAE04EC0-301F-11D3-BF4B-00C04F79EFBC}") = "30-OOP-BuiltInInterface", "30-OOP-BuiltInInterface\30-OOP-BuiltInInterface.csproj", "{034EA604-60B1-40FF-80BF-3E44DF37A70A}"
EndProject
Project("{FAE04EC0-301F-11D3-BF4B-00C04F79EFBC}") = "31-OOP-Generic", "31-OOP-Generic\31-OOP-Generic.csproj", "{5C67D460-F721-43D1-B44F-4920BD58BFF0}"
EndProject
Project("{FAE04EC0-301F-11D3-BF4B-00C04F79EFBC}") = "32-OOP-Relationship", "32-OOP-Relationship\32-OOP-Relationship.csproj", "{ECC551F3-BF3C-4203-A1C0-A1B0DC102D5A}"
EndProject
Global
	GlobalSection(SolutionConfigurationPlatforms) = preSolution
		Debug|Any CPU = Debug|Any CPU
		Release|Any CPU = Release|Any CPU
	EndGlobalSection
	GlobalSection(ProjectConfigurationPlatforms) = postSolution
		{4596814F-B79F-472E-B114-FC4E6E201586}.Debug|Any CPU.ActiveCfg = Debug|Any CPU
		{4596814F-B79F-472E-B114-FC4E6E201586}.Debug|Any CPU.Build.0 = Debug|Any CPU
		{4596814F-B79F-472E-B114-FC4E6E201586}.Release|Any CPU.ActiveCfg = Release|Any CPU
		{4596814F-B79F-472E-B114-FC4E6E201586}.Release|Any CPU.Build.0 = Release|Any CPU
		{9D81476B-31CD-48CE-964C-E82D32EFCA08}.Debug|Any CPU.ActiveCfg = Debug|Any CPU
		{9D81476B-31CD-48CE-964C-E82D32EFCA08}.Debug|Any CPU.Build.0 = Debug|Any CPU
		{9D81476B-31CD-48CE-964C-E82D32EFCA08}.Release|Any CPU.ActiveCfg = Release|Any CPU
		{9D81476B-31CD-48CE-964C-E82D32EFCA08}.Release|Any CPU.Build.0 = Release|Any CPU
		{7299CF02-A3E2-46CD-924C-2BF85B67C733}.Debug|Any CPU.ActiveCfg = Debug|Any CPU
		{7299CF02-A3E2-46CD-924C-2BF85B67C733}.Debug|Any CPU.Build.0 = Debug|Any CPU
		{7299CF02-A3E2-46CD-924C-2BF85B67C733}.Release|Any CPU.ActiveCfg = Release|Any CPU
		{7299CF02-A3E2-46CD-924C-2BF85B67C733}.Release|Any CPU.Build.0 = Release|Any CPU
		{A564174D-8431-442A-BC59-44AD7547C8A1}.Debug|Any CPU.ActiveCfg = Debug|Any CPU
		{A564174D-8431-442A-BC59-44AD7547C8A1}.Debug|Any CPU.Build.0 = Debug|Any CPU
		{A564174D-8431-442A-BC59-44AD7547C8A1}.Release|Any CPU.ActiveCfg = Release|Any CPU
		{A564174D-8431-442A-BC59-44AD7547C8A1}.Release|Any CPU.Build.0 = Release|Any CPU
		{E5B09679-53BD-45B3-A034-AC138B06CF2F}.Debug|Any CPU.ActiveCfg = Debug|Any CPU
		{E5B09679-53BD-45B3-A034-AC138B06CF2F}.Debug|Any CPU.Build.0 = Debug|Any CPU
		{E5B09679-53BD-45B3-A034-AC138B06CF2F}.Release|Any CPU.ActiveCfg = Release|Any CPU
		{E5B09679-53BD-45B3-A034-AC138B06CF2F}.Release|Any CPU.Build.0 = Release|Any CPU
		{31FCA329-6BB6-4010-A3A5-BFBE99727D53}.Debug|Any CPU.ActiveCfg = Debug|Any CPU
		{31FCA329-6BB6-4010-A3A5-BFBE99727D53}.Debug|Any CPU.Build.0 = Debug|Any CPU
		{31FCA329-6BB6-4010-A3A5-BFBE99727D53}.Release|Any CPU.ActiveCfg = Release|Any CPU
		{31FCA329-6BB6-4010-A3A5-BFBE99727D53}.Release|Any CPU.Build.0 = Release|Any CPU
		{A98BB87C-8DF4-44A3-B80F-0E3C9B5A452D}.Debug|Any CPU.ActiveCfg = Debug|Any CPU
		{A98BB87C-8DF4-44A3-B80F-0E3C9B5A452D}.Debug|Any CPU.Build.0 = Debug|Any CPU
		{A98BB87C-8DF4-44A3-B80F-0E3C9B5A452D}.Release|Any CPU.ActiveCfg = Release|Any CPU
		{A98BB87C-8DF4-44A3-B80F-0E3C9B5A452D}.Release|Any CPU.Build.0 = Release|Any CPU
		{EDBC8D54-0CB6-4D9F-9996-C0CF8D2565E4}.Debug|Any CPU.ActiveCfg = Debug|Any CPU
		{EDBC8D54-0CB6-4D9F-9996-C0CF8D2565E4}.Debug|Any CPU.Build.0 = Debug|Any CPU
		{EDBC8D54-0CB6-4D9F-9996-C0CF8D2565E4}.Release|Any CPU.ActiveCfg = Release|Any CPU
		{EDBC8D54-0CB6-4D9F-9996-C0CF8D2565E4}.Release|Any CPU.Build.0 = Release|Any CPU
		{8579B3F0-B45F-4473-BEA4-71537B19178E}.Debug|Any CPU.ActiveCfg = Debug|Any CPU
		{8579B3F0-B45F-4473-BEA4-71537B19178E}.Debug|Any CPU.Build.0 = Debug|Any CPU
		{8579B3F0-B45F-4473-BEA4-71537B19178E}.Release|Any CPU.ActiveCfg = Release|Any CPU
		{8579B3F0-B45F-4473-BEA4-71537B19178E}.Release|Any CPU.Build.0 = Release|Any CPU
		{631FE29A-40AE-4D6E-A140-FE9277D3ABFB}.Debug|Any CPU.ActiveCfg = Debug|Any CPU
		{631FE29A-40AE-4D6E-A140-FE9277D3ABFB}.Debug|Any CPU.Build.0 = Debug|Any CPU
		{631FE29A-40AE-4D6E-A140-FE9277D3ABFB}.Release|Any CPU.ActiveCfg = Release|Any CPU
		{631FE29A-40AE-4D6E-A140-FE9277D3ABFB}.Release|Any CPU.Build.0 = Release|Any CPU
		{DDF11EE3-FB1C-4B29-B283-A17D1EB44354}.Debug|Any CPU.ActiveCfg = Debug|Any CPU
		{DDF11EE3-FB1C-4B29-B283-A17D1EB44354}.Debug|Any CPU.Build.0 = Debug|Any CPU
		{DDF11EE3-FB1C-4B29-B283-A17D1EB44354}.Release|Any CPU.ActiveCfg = Release|Any CPU
		{DDF11EE3-FB1C-4B29-B283-A17D1EB44354}.Release|Any CPU.Build.0 = Release|Any CPU
		{1A4BE8CD-0AA1-460E-A8C5-20039A212C2B}.Debug|Any CPU.ActiveCfg = Debug|Any CPU
		{1A4BE8CD-0AA1-460E-A8C5-20039A212C2B}.Debug|Any CPU.Build.0 = Debug|Any CPU
		{1A4BE8CD-0AA1-460E-A8C5-20039A212C2B}.Release|Any CPU.ActiveCfg = Release|Any CPU
		{1A4BE8CD-0AA1-460E-A8C5-20039A212C2B}.Release|Any CPU.Build.0 = Release|Any CPU
		{6CABAA4E-4C92-4617-BA5B-B6A7FED0DE37}.Debug|Any CPU.ActiveCfg = Debug|Any CPU
		{6CABAA4E-4C92-4617-BA5B-B6A7FED0DE37}.Debug|Any CPU.Build.0 = Debug|Any CPU
		{6CABAA4E-4C92-4617-BA5B-B6A7FED0DE37}.Release|Any CPU.ActiveCfg = Release|Any CPU
		{6CABAA4E-4C92-4617-BA5B-B6A7FED0DE37}.Release|Any CPU.Build.0 = Release|Any CPU
		{6B26A2E3-0992-4A01-97E1-56AA6C2585A9}.Debug|Any CPU.ActiveCfg = Debug|Any CPU
		{6B26A2E3-0992-4A01-97E1-56AA6C2585A9}.Debug|Any CPU.Build.0 = Debug|Any CPU
		{6B26A2E3-0992-4A01-97E1-56AA6C2585A9}.Release|Any CPU.ActiveCfg = Release|Any CPU
		{6B26A2E3-0992-4A01-97E1-56AA6C2585A9}.Release|Any CPU.Build.0 = Release|Any CPU
		{571C425D-19EA-4149-90F1-D0F1DC507AB3}.Debug|Any CPU.ActiveCfg = Debug|Any CPU
		{571C425D-19EA-4149-90F1-D0F1DC507AB3}.Debug|Any CPU.Build.0 = Debug|Any CPU
		{571C425D-19EA-4149-90F1-D0F1DC507AB3}.Release|Any CPU.ActiveCfg = Release|Any CPU
		{571C425D-19EA-4149-90F1-D0F1DC507AB3}.Release|Any CPU.Build.0 = Release|Any CPU
		{EFB643DE-914F-4C79-BF19-74644617453A}.Debug|Any CPU.ActiveCfg = Debug|Any CPU
		{EFB643DE-914F-4C79-BF19-74644617453A}.Debug|Any CPU.Build.0 = Debug|Any CPU
		{EFB643DE-914F-4C79-BF19-74644617453A}.Release|Any CPU.ActiveCfg = Release|Any CPU
		{EFB643DE-914F-4C79-BF19-74644617453A}.Release|Any CPU.Build.0 = Release|Any CPU
		{2BAB897A-CDB8-49DC-9EE2-546A67598E7D}.Debug|Any CPU.ActiveCfg = Debug|Any CPU
		{2BAB897A-CDB8-49DC-9EE2-546A67598E7D}.Debug|Any CPU.Build.0 = Debug|Any CPU
		{2BAB897A-CDB8-49DC-9EE2-546A67598E7D}.Release|Any CPU.ActiveCfg = Release|Any CPU
		{2BAB897A-CDB8-49DC-9EE2-546A67598E7D}.Release|Any CPU.Build.0 = Release|Any CPU
		{B2AAE0A2-23CD-4435-9479-DCCCD6569D2C}.Debug|Any CPU.ActiveCfg = Debug|Any CPU
		{B2AAE0A2-23CD-4435-9479-DCCCD6569D2C}.Debug|Any CPU.Build.0 = Debug|Any CPU
		{B2AAE0A2-23CD-4435-9479-DCCCD6569D2C}.Release|Any CPU.ActiveCfg = Release|Any CPU
		{B2AAE0A2-23CD-4435-9479-DCCCD6569D2C}.Release|Any CPU.Build.0 = Release|Any CPU
		{34B7DF02-2E90-4247-BEF0-A9179D5A88A7}.Debug|Any CPU.ActiveCfg = Debug|Any CPU
		{34B7DF02-2E90-4247-BEF0-A9179D5A88A7}.Debug|Any CPU.Build.0 = Debug|Any CPU
		{34B7DF02-2E90-4247-BEF0-A9179D5A88A7}.Release|Any CPU.ActiveCfg = Release|Any CPU
		{34B7DF02-2E90-4247-BEF0-A9179D5A88A7}.Release|Any CPU.Build.0 = Release|Any CPU
		{946AD4BD-D497-4065-89D3-FB852978C009}.Debug|Any CPU.ActiveCfg = Debug|Any CPU
		{946AD4BD-D497-4065-89D3-FB852978C009}.Debug|Any CPU.Build.0 = Debug|Any CPU
		{946AD4BD-D497-4065-89D3-FB852978C009}.Release|Any CPU.ActiveCfg = Release|Any CPU
		{946AD4BD-D497-4065-89D3-FB852978C009}.Release|Any CPU.Build.0 = Release|Any CPU
		{05F26812-D5D8-46CD-AC57-DB4CC930752B}.Debug|Any CPU.ActiveCfg = Debug|Any CPU
		{05F26812-D5D8-46CD-AC57-DB4CC930752B}.Debug|Any CPU.Build.0 = Debug|Any CPU
		{05F26812-D5D8-46CD-AC57-DB4CC930752B}.Release|Any CPU.ActiveCfg = Release|Any CPU
		{05F26812-D5D8-46CD-AC57-DB4CC930752B}.Release|Any CPU.Build.0 = Release|Any CPU
		{F47B8D12-3922-4397-9527-C1BF44AC3CA9}.Debug|Any CPU.ActiveCfg = Debug|Any CPU
		{F47B8D12-3922-4397-9527-C1BF44AC3CA9}.Debug|Any CPU.Build.0 = Debug|Any CPU
		{F47B8D12-3922-4397-9527-C1BF44AC3CA9}.Release|Any CPU.ActiveCfg = Release|Any CPU
		{F47B8D12-3922-4397-9527-C1BF44AC3CA9}.Release|Any CPU.Build.0 = Release|Any CPU
		{78DB1E81-1BC3-4902-BD88-AF470518B8DE}.Debug|Any CPU.ActiveCfg = Debug|Any CPU
		{78DB1E81-1BC3-4902-BD88-AF470518B8DE}.Debug|Any CPU.Build.0 = Debug|Any CPU
		{78DB1E81-1BC3-4902-BD88-AF470518B8DE}.Release|Any CPU.ActiveCfg = Release|Any CPU
		{78DB1E81-1BC3-4902-BD88-AF470518B8DE}.Release|Any CPU.Build.0 = Release|Any CPU
		{2F3613BB-F6A2-4AF5-9F0D-D6B313BF3A8B}.Debug|Any CPU.ActiveCfg = Debug|Any CPU
		{2F3613BB-F6A2-4AF5-9F0D-D6B313BF3A8B}.Debug|Any CPU.Build.0 = Debug|Any CPU
		{2F3613BB-F6A2-4AF5-9F0D-D6B313BF3A8B}.Release|Any CPU.ActiveCfg = Release|Any CPU
		{2F3613BB-F6A2-4AF5-9F0D-D6B313BF3A8B}.Release|Any CPU.Build.0 = Release|Any CPU
		{1BDB4E5B-DB43-4360-B250-0FD3810B1266}.Debug|Any CPU.ActiveCfg = Debug|Any CPU
		{1BDB4E5B-DB43-4360-B250-0FD3810B1266}.Debug|Any CPU.Build.0 = Debug|Any CPU
		{1BDB4E5B-DB43-4360-B250-0FD3810B1266}.Release|Any CPU.ActiveCfg = Release|Any CPU
		{1BDB4E5B-DB43-4360-B250-0FD3810B1266}.Release|Any CPU.Build.0 = Release|Any CPU
		{02389320-A6C9-4D34-8509-8EEA396BE203}.Debug|Any CPU.ActiveCfg = Debug|Any CPU
		{02389320-A6C9-4D34-8509-8EEA396BE203}.Debug|Any CPU.Build.0 = Debug|Any CPU
		{02389320-A6C9-4D34-8509-8EEA396BE203}.Release|Any CPU.ActiveCfg = Release|Any CPU
		{02389320-A6C9-4D34-8509-8EEA396BE203}.Release|Any CPU.Build.0 = Release|Any CPU
		{0E24421E-69FF-4565-B846-A6589AC4795E}.Debug|Any CPU.ActiveCfg = Debug|Any CPU
		{0E24421E-69FF-4565-B846-A6589AC4795E}.Debug|Any CPU.Build.0 = Debug|Any CPU
		{0E24421E-69FF-4565-B846-A6589AC4795E}.Release|Any CPU.ActiveCfg = Release|Any CPU
		{0E24421E-69FF-4565-B846-A6589AC4795E}.Release|Any CPU.Build.0 = Release|Any CPU
		{11076677-0C36-41C7-AF44-43A9B6119005}.Debug|Any CPU.ActiveCfg = Debug|Any CPU
		{11076677-0C36-41C7-AF44-43A9B6119005}.Debug|Any CPU.Build.0 = Debug|Any CPU
		{11076677-0C36-41C7-AF44-43A9B6119005}.Release|Any CPU.ActiveCfg = Release|Any CPU
		{11076677-0C36-41C7-AF44-43A9B6119005}.Release|Any CPU.Build.0 = Release|Any CPU
		{86CCABB5-85A6-42F4-AE0C-B2100D142049}.Debug|Any CPU.ActiveCfg = Debug|Any CPU
		{86CCABB5-85A6-42F4-AE0C-B2100D142049}.Debug|Any CPU.Build.0 = Debug|Any CPU
		{86CCABB5-85A6-42F4-AE0C-B2100D142049}.Release|Any CPU.ActiveCfg = Release|Any CPU
		{86CCABB5-85A6-42F4-AE0C-B2100D142049}.Release|Any CPU.Build.0 = Release|Any CPU
		{034EA604-60B1-40FF-80BF-3E44DF37A70A}.Debug|Any CPU.ActiveCfg = Debug|Any CPU
		{034EA604-60B1-40FF-80BF-3E44DF37A70A}.Debug|Any CPU.Build.0 = Debug|Any CPU
		{034EA604-60B1-40FF-80BF-3E44DF37A70A}.Release|Any CPU.ActiveCfg = Release|Any CPU
		{034EA604-60B1-40FF-80BF-3E44DF37A70A}.Release|Any CPU.Build.0 = Release|Any CPU
		{5C67D460-F721-43D1-B44F-4920BD58BFF0}.Debug|Any CPU.ActiveCfg = Debug|Any CPU
		{5C67D460-F721-43D1-B44F-4920BD58BFF0}.Debug|Any CPU.Build.0 = Debug|Any CPU
		{5C67D460-F721-43D1-B44F-4920BD58BFF0}.Release|Any CPU.ActiveCfg = Release|Any CPU
		{5C67D460-F721-43D1-B44F-4920BD58BFF0}.Release|Any CPU.Build.0 = Release|Any CPU
		{ECC551F3-BF3C-4203-A1C0-A1B0DC102D5A}.Debug|Any CPU.ActiveCfg = Debug|Any CPU
		{ECC551F3-BF3C-4203-A1C0-A1B0DC102D5A}.Debug|Any CPU.Build.0 = Debug|Any CPU
		{ECC551F3-BF3C-4203-A1C0-A1B0DC102D5A}.Release|Any CPU.ActiveCfg = Release|Any CPU
		{ECC551F3-BF3C-4203-A1C0-A1B0DC102D5A}.Release|Any CPU.Build.0 = Release|Any CPU
	EndGlobalSection
	GlobalSection(SolutionProperties) = preSolution
		HideSolutionNode = FALSE
	EndGlobalSection
	GlobalSection(ExtensibilityGlobals) = postSolution
		SolutionGuid = {E49F45F8-960D-4D9A-8BC5-A0A47F903063}
	EndGlobalSection
EndGlobal
